
Microsoft Visual Studio Solution File, Format Version 12.00
# Visual Studio Version 16
VisualStudioVersion = 16.0.30225.117
MinimumVisualStudioVersion = 10.0.40219.1
Project("{FAE04EC0-301F-11D3-BF4B-00C04F79EFBC}") = "Infistream", "Infistream\Infistream.csproj", "{B6D2656D-4BAA-4318-890E-8DA791CAFA73}"
EndProject
Global
	GlobalSection(SolutionConfigurationPlatforms) = preSolution
		Debug|Any CPU = Debug|Any CPU
		Release|Any CPU = Release|Any CPU
	EndGlobalSection
	GlobalSection(ProjectConfigurationPlatforms) = postSolution
		{B6D2656D-4BAA-4318-890E-8DA791CAFA73}.Debug|Any CPU.ActiveCfg = Debug|Any CPU
		{B6D2656D-4BAA-4318-890E-8DA791CAFA73}.Debug|Any CPU.Build.0 = Debug|Any CPU
		{B6D2656D-4BAA-4318-890E-8DA791CAFA73}.Release|Any CPU.ActiveCfg = Release|Any CPU
		{B6D2656D-4BAA-4318-890E-8DA791CAFA73}.Release|Any CPU.Build.0 = Release|Any CPU
	EndGlobalSection
	GlobalSection(SolutionProperties) = preSolution
		HideSolutionNode = FALSE
	EndGlobalSection
	GlobalSection(ExtensibilityGlobals) = postSolution
		SolutionGuid = {0E4712A2-A662-4C69-A2BB-55A6D96B818F}
	EndGlobalSection
EndGlobal
